// !$*UTF8*$!
{
	archiveVersion = 1;
	classes = {
	};
	objectVersion = 56;
	objects = {

/* Begin PBXBuildFile section */
		5820AACF28FA1F7E00B12A4A /* AppDelegate.swift in Sources */ = {isa = PBXBuildFile; fileRef = 5820AACE28FA1F7E00B12A4A /* AppDelegate.swift */; };
		5820AAD128FA1F7E00B12A4A /* SceneDelegate.swift in Sources */ = {isa = PBXBuildFile; fileRef = 5820AAD028FA1F7E00B12A4A /* SceneDelegate.swift */; };
		5820AAE428FA1FD700B12A4A /* TabBarViewController.swift in Sources */ = {isa = PBXBuildFile; fileRef = 5820AAE328FA1FD700B12A4A /* TabBarViewController.swift */; };
		5820AAE728FA201700B12A4A /* SpinWheelViewController.swift in Sources */ = {isa = PBXBuildFile; fileRef = 5820AAE628FA201700B12A4A /* SpinWheelViewController.swift */; };
		5820AAE928FA201E00B12A4A /* SpinWheelView.swift in Sources */ = {isa = PBXBuildFile; fileRef = 5820AAE828FA201E00B12A4A /* SpinWheelView.swift */; };
		5820AAF028FA20C300B12A4A /* MapViewController.swift in Sources */ = {isa = PBXBuildFile; fileRef = 5820AAEF28FA20C300B12A4A /* MapViewController.swift */; };
		5820AAF228FA20C800B12A4A /* MapView.swift in Sources */ = {isa = PBXBuildFile; fileRef = 5820AAF128FA20C800B12A4A /* MapView.swift */; };
		5820AAF428FA20CF00B12A4A /* MapViewModel.swift in Sources */ = {isa = PBXBuildFile; fileRef = 5820AAF328FA20CF00B12A4A /* MapViewModel.swift */; };
		5820AAF728FA213000B12A4A /* NetworkManager.swift in Sources */ = {isa = PBXBuildFile; fileRef = 5820AAF628FA213000B12A4A /* NetworkManager.swift */; };
		5820AAF928FA214A00B12A4A /* RestaurantsAPIModel.swift in Sources */ = {isa = PBXBuildFile; fileRef = 5820AAF828FA214A00B12A4A /* RestaurantsAPIModel.swift */; };
		5820AAFE28FA218D00B12A4A /* RestaurantsModelController.swift in Sources */ = {isa = PBXBuildFile; fileRef = 5820AAFD28FA218D00B12A4A /* RestaurantsModelController.swift */; };
		5820AB0028FA219C00B12A4A /* RestaurantsDomainModel.swift in Sources */ = {isa = PBXBuildFile; fileRef = 5820AAFF28FA219C00B12A4A /* RestaurantsDomainModel.swift */; };
		5820AB0328FA21E500B12A4A /* SpinWheelDataModel.swift in Sources */ = {isa = PBXBuildFile; fileRef = 5820AB0228FA21E500B12A4A /* SpinWheelDataModel.swift */; };
		5820AB0528FA289400B12A4A /* SpinWheel+WheelConfigurations.swift in Sources */ = {isa = PBXBuildFile; fileRef = 5820AB0428FA289400B12A4A /* SpinWheel+WheelConfigurations.swift */; };
		583424C428FF4B5A006683D5 /* MapCurrentLocationPinCustomization.swift in Sources */ = {isa = PBXBuildFile; fileRef = 583424C328FF4B5A006683D5 /* MapCurrentLocationPinCustomization.swift */; };
		58345BA9290311A900FFA8AB /* FailedSearchModel.swift in Sources */ = {isa = PBXBuildFile; fileRef = 58345BA8290311A900FFA8AB /* FailedSearchModel.swift */; };
		5834A939290498760051E4E6 /* MapPinsModel.swift in Sources */ = {isa = PBXBuildFile; fileRef = 5834A938290498760051E4E6 /* MapPinsModel.swift */; };
		58391CF72906143B00FA4CD6 /* RequestLocationView.swift in Sources */ = {isa = PBXBuildFile; fileRef = 58391CF62906143B00FA4CD6 /* RequestLocationView.swift */; };
		58391CFD29061D0300FA4CD6 /* Assets.xcassets in Resources */ = {isa = PBXBuildFile; fileRef = 5820AAD728FA1F8000B12A4A /* Assets.xcassets */; };
		58391CFF29061E0700FA4CD6 /* food.json in Resources */ = {isa = PBXBuildFile; fileRef = 5804CF4A28FCE62E00257BE5 /* food.json */; };
		584627692914538E001E7047 /* AppTrackingTransparency+UserDefaults.swift in Sources */ = {isa = PBXBuildFile; fileRef = 584627682914538E001E7047 /* AppTrackingTransparency+UserDefaults.swift */; };
		5847D63B2909744800D0C0F5 /* AppStoreViewController.swift in Sources */ = {isa = PBXBuildFile; fileRef = 5847D63A2909744800D0C0F5 /* AppStoreViewController.swift */; };
		5847D63E2909A3F800D0C0F5 /* Location+UserDefaults.swift in Sources */ = {isa = PBXBuildFile; fileRef = 5847D63D2909A3F800D0C0F5 /* Location+UserDefaults.swift */; };
		584CD65C28FB8596003CC71E /* LoadingScreenViewController.swift in Sources */ = {isa = PBXBuildFile; fileRef = 584CD65B28FB8596003CC71E /* LoadingScreenViewController.swift */; };
		584D280029072B1E002F9168 /* forkloading.json in Resources */ = {isa = PBXBuildFile; fileRef = 584D27FF29072B1E002F9168 /* forkloading.json */; };
		584D280429072C77002F9168 /* WebPageViewModel.swift in Sources */ = {isa = PBXBuildFile; fileRef = 584D280329072C77002F9168 /* WebPageViewModel.swift */; };
		58971D14292334630087108C /* NoInternetConnectionViewController.swift in Sources */ = {isa = PBXBuildFile; fileRef = 58971D13292334630087108C /* NoInternetConnectionViewController.swift */; };
		58971D162923346F0087108C /* NoInternetConnectionView.swift in Sources */ = {isa = PBXBuildFile; fileRef = 58971D152923346F0087108C /* NoInternetConnectionView.swift */; };
		58971D18292334760087108C /* InternetManager.swift in Sources */ = {isa = PBXBuildFile; fileRef = 58971D17292334760087108C /* InternetManager.swift */; };
		589891552901F8CF001744D9 /* RequestLocationDeniedModel.swift in Sources */ = {isa = PBXBuildFile; fileRef = 589891542901F8CF001744D9 /* RequestLocationDeniedModel.swift */; };
		58B33EB328FE24B700D8502A /* SpinWheelColorModel.swift in Sources */ = {isa = PBXBuildFile; fileRef = 58B33EB228FE24B700D8502A /* SpinWheelColorModel.swift */; };
		58B33EB528FE2E4A00D8502A /* WebPageViewController.swift in Sources */ = {isa = PBXBuildFile; fileRef = 58B33EB428FE2E4A00D8502A /* WebPageViewController.swift */; };
		58B33EB728FE2E8900D8502A /* WebPageView.swift in Sources */ = {isa = PBXBuildFile; fileRef = 58B33EB628FE2E8900D8502A /* WebPageView.swift */; };
		58B33EBA28FE406F00D8502A /* SpinWheelViewModel.swift in Sources */ = {isa = PBXBuildFile; fileRef = 58B33EB928FE406F00D8502A /* SpinWheelViewModel.swift */; };
		58B33EBE28FEDDAF00D8502A /* TabBarViewModel.swift in Sources */ = {isa = PBXBuildFile; fileRef = 58B33EBD28FEDDAF00D8502A /* TabBarViewModel.swift */; };
		58BE28DE294167ED00FB3C1F /* API_KEY.swift in Sources */ = {isa = PBXBuildFile; fileRef = 58BE28DD294167ED00FB3C1F /* API_KEY.swift */; };
		58C1671929060C8D00D8195E /* RequestLocationViewController.swift in Sources */ = {isa = PBXBuildFile; fileRef = 58C1671829060C8C00D8195E /* RequestLocationViewController.swift */; };
		58F416FB2910DDC800D21A4B /* SavedRestaurantsViewController.swift in Sources */ = {isa = PBXBuildFile; fileRef = 58F416FA2910DDC800D21A4B /* SavedRestaurantsViewController.swift */; };
		58F416FD2910DDCF00D21A4B /* SavedRestaurantsView.swift in Sources */ = {isa = PBXBuildFile; fileRef = 58F416FC2910DDCF00D21A4B /* SavedRestaurantsView.swift */; };
		58F417022910E03300D21A4B /* CoreDataStack.swift in Sources */ = {isa = PBXBuildFile; fileRef = 58F417012910E03300D21A4B /* CoreDataStack.swift */; };
		58F417042910E03F00D21A4B /* SavedRestaurants+CoreData.swift in Sources */ = {isa = PBXBuildFile; fileRef = 58F417032910E03F00D21A4B /* SavedRestaurants+CoreData.swift */; };
		58F417062910E04800D21A4B /* CoreDataModelController.swift in Sources */ = {isa = PBXBuildFile; fileRef = 58F417052910E04800D21A4B /* CoreDataModelController.swift */; };
		58F417092910E05300D21A4B /* CoreData.xcdatamodeld in Sources */ = {isa = PBXBuildFile; fileRef = 58F417072910E05300D21A4B /* CoreData.xcdatamodeld */; };
		58F4170C2911469300D21A4B /* WebPageSavedRestaurantsModel.swift in Sources */ = {isa = PBXBuildFile; fileRef = 58F4170B2911469300D21A4B /* WebPageSavedRestaurantsModel.swift */; };
		58F4170E29114EA200D21A4B /* CustomCell.swift in Sources */ = {isa = PBXBuildFile; fileRef = 58F4170D29114EA200D21A4B /* CustomCell.swift */; };
		58F4171129115B0C00D21A4B /* SavedRestaurantDomainModel.swift in Sources */ = {isa = PBXBuildFile; fileRef = 58F4171029115B0C00D21A4B /* SavedRestaurantDomainModel.swift */; };
		58F4171429115B3F00D21A4B /* SavedRestaurantsModelController.swift in Sources */ = {isa = PBXBuildFile; fileRef = 58F4171329115B3F00D21A4B /* SavedRestaurantsModelController.swift */; };
		58FA8ECF28FBD2B200ED2784 /* LoadingScreenView.swift in Sources */ = {isa = PBXBuildFile; fileRef = 58FA8ECE28FBD2B200ED2784 /* LoadingScreenView.swift */; };
		58FA8ED328FCA1DD00ED2784 /* LocationManager.swift in Sources */ = {isa = PBXBuildFile; fileRef = 58FA8ED228FCA1DD00ED2784 /* LocationManager.swift */; };
		ED8B355510FD60477A1F6CFF /* Pods_YouPick.framework in Frameworks */ = {isa = PBXBuildFile; fileRef = 39C9B3F3C89D06ADD2F19E7C /* Pods_YouPick.framework */; };
/* End PBXBuildFile section */

/* Begin PBXFileReference section */
		39C9B3F3C89D06ADD2F19E7C /* Pods_YouPick.framework */ = {isa = PBXFileReference; explicitFileType = wrapper.framework; includeInIndex = 0; path = Pods_YouPick.framework; sourceTree = BUILT_PRODUCTS_DIR; };
		5804CF4A28FCE62E00257BE5 /* food.json */ = {isa = PBXFileReference; fileEncoding = 4; lastKnownFileType = text.json; path = food.json; sourceTree = "<group>"; };
		5820AACB28FA1F7E00B12A4A /* YouPick.app */ = {isa = PBXFileReference; explicitFileType = wrapper.application; includeInIndex = 0; path = YouPick.app; sourceTree = BUILT_PRODUCTS_DIR; };
		5820AACE28FA1F7E00B12A4A /* AppDelegate.swift */ = {isa = PBXFileReference; lastKnownFileType = sourcecode.swift; path = AppDelegate.swift; sourceTree = "<group>"; };
		5820AAD028FA1F7E00B12A4A /* SceneDelegate.swift */ = {isa = PBXFileReference; lastKnownFileType = sourcecode.swift; path = SceneDelegate.swift; sourceTree = "<group>"; };
		5820AAD728FA1F8000B12A4A /* Assets.xcassets */ = {isa = PBXFileReference; lastKnownFileType = folder.assetcatalog; path = Assets.xcassets; sourceTree = "<group>"; };
		5820AADC28FA1F8000B12A4A /* Info.plist */ = {isa = PBXFileReference; lastKnownFileType = text.plist.xml; path = Info.plist; sourceTree = "<group>"; };
		5820AAE328FA1FD700B12A4A /* TabBarViewController.swift */ = {isa = PBXFileReference; lastKnownFileType = sourcecode.swift; path = TabBarViewController.swift; sourceTree = "<group>"; };
		5820AAE628FA201700B12A4A /* SpinWheelViewController.swift */ = {isa = PBXFileReference; lastKnownFileType = sourcecode.swift; path = SpinWheelViewController.swift; sourceTree = "<group>"; };
		5820AAE828FA201E00B12A4A /* SpinWheelView.swift */ = {isa = PBXFileReference; lastKnownFileType = sourcecode.swift; path = SpinWheelView.swift; sourceTree = "<group>"; };
		5820AAEF28FA20C300B12A4A /* MapViewController.swift */ = {isa = PBXFileReference; lastKnownFileType = sourcecode.swift; path = MapViewController.swift; sourceTree = "<group>"; };
		5820AAF128FA20C800B12A4A /* MapView.swift */ = {isa = PBXFileReference; lastKnownFileType = sourcecode.swift; path = MapView.swift; sourceTree = "<group>"; };
		5820AAF328FA20CF00B12A4A /* MapViewModel.swift */ = {isa = PBXFileReference; lastKnownFileType = sourcecode.swift; path = MapViewModel.swift; sourceTree = "<group>"; };
		5820AAF628FA213000B12A4A /* NetworkManager.swift */ = {isa = PBXFileReference; lastKnownFileType = sourcecode.swift; path = NetworkManager.swift; sourceTree = "<group>"; };
		5820AAF828FA214A00B12A4A /* RestaurantsAPIModel.swift */ = {isa = PBXFileReference; lastKnownFileType = sourcecode.swift; path = RestaurantsAPIModel.swift; sourceTree = "<group>"; };
		5820AAFD28FA218D00B12A4A /* RestaurantsModelController.swift */ = {isa = PBXFileReference; lastKnownFileType = sourcecode.swift; path = RestaurantsModelController.swift; sourceTree = "<group>"; };
		5820AAFF28FA219C00B12A4A /* RestaurantsDomainModel.swift */ = {isa = PBXFileReference; lastKnownFileType = sourcecode.swift; path = RestaurantsDomainModel.swift; sourceTree = "<group>"; };
		5820AB0228FA21E500B12A4A /* SpinWheelDataModel.swift */ = {isa = PBXFileReference; lastKnownFileType = sourcecode.swift; path = SpinWheelDataModel.swift; sourceTree = "<group>"; };
		5820AB0428FA289400B12A4A /* SpinWheel+WheelConfigurations.swift */ = {isa = PBXFileReference; lastKnownFileType = sourcecode.swift; path = "SpinWheel+WheelConfigurations.swift"; sourceTree = "<group>"; };
		583424C328FF4B5A006683D5 /* MapCurrentLocationPinCustomization.swift */ = {isa = PBXFileReference; lastKnownFileType = sourcecode.swift; path = MapCurrentLocationPinCustomization.swift; sourceTree = "<group>"; };
		58345BA8290311A900FFA8AB /* FailedSearchModel.swift */ = {isa = PBXFileReference; lastKnownFileType = sourcecode.swift; path = FailedSearchModel.swift; sourceTree = "<group>"; };
		5834A938290498760051E4E6 /* MapPinsModel.swift */ = {isa = PBXFileReference; lastKnownFileType = sourcecode.swift; path = MapPinsModel.swift; sourceTree = "<group>"; };
		58391CF62906143B00FA4CD6 /* RequestLocationView.swift */ = {isa = PBXFileReference; lastKnownFileType = sourcecode.swift; path = RequestLocationView.swift; sourceTree = "<group>"; };
		584627682914538E001E7047 /* AppTrackingTransparency+UserDefaults.swift */ = {isa = PBXFileReference; lastKnownFileType = sourcecode.swift; path = "AppTrackingTransparency+UserDefaults.swift"; sourceTree = "<group>"; };
		5847D63A2909744800D0C0F5 /* AppStoreViewController.swift */ = {isa = PBXFileReference; lastKnownFileType = sourcecode.swift; path = AppStoreViewController.swift; sourceTree = "<group>"; };
		5847D63D2909A3F800D0C0F5 /* Location+UserDefaults.swift */ = {isa = PBXFileReference; lastKnownFileType = sourcecode.swift; path = "Location+UserDefaults.swift"; sourceTree = "<group>"; };
		584CD65B28FB8596003CC71E /* LoadingScreenViewController.swift */ = {isa = PBXFileReference; lastKnownFileType = sourcecode.swift; path = LoadingScreenViewController.swift; sourceTree = "<group>"; };
		584D27FF29072B1E002F9168 /* forkloading.json */ = {isa = PBXFileReference; fileEncoding = 4; lastKnownFileType = text.json; path = forkloading.json; sourceTree = "<group>"; };
		584D280329072C77002F9168 /* WebPageViewModel.swift */ = {isa = PBXFileReference; lastKnownFileType = sourcecode.swift; path = WebPageViewModel.swift; sourceTree = "<group>"; };
		58971D13292334630087108C /* NoInternetConnectionViewController.swift */ = {isa = PBXFileReference; lastKnownFileType = sourcecode.swift; path = NoInternetConnectionViewController.swift; sourceTree = "<group>"; };
		58971D152923346F0087108C /* NoInternetConnectionView.swift */ = {isa = PBXFileReference; lastKnownFileType = sourcecode.swift; path = NoInternetConnectionView.swift; sourceTree = "<group>"; };
		58971D17292334760087108C /* InternetManager.swift */ = {isa = PBXFileReference; lastKnownFileType = sourcecode.swift; path = InternetManager.swift; sourceTree = "<group>"; };
		589891542901F8CF001744D9 /* RequestLocationDeniedModel.swift */ = {isa = PBXFileReference; lastKnownFileType = sourcecode.swift; path = RequestLocationDeniedModel.swift; sourceTree = "<group>"; };
		58B33EB228FE24B700D8502A /* SpinWheelColorModel.swift */ = {isa = PBXFileReference; lastKnownFileType = sourcecode.swift; path = SpinWheelColorModel.swift; sourceTree = "<group>"; };
		58B33EB428FE2E4A00D8502A /* WebPageViewController.swift */ = {isa = PBXFileReference; lastKnownFileType = sourcecode.swift; path = WebPageViewController.swift; sourceTree = "<group>"; };
		58B33EB628FE2E8900D8502A /* WebPageView.swift */ = {isa = PBXFileReference; lastKnownFileType = sourcecode.swift; path = WebPageView.swift; sourceTree = "<group>"; };
		58B33EB928FE406F00D8502A /* SpinWheelViewModel.swift */ = {isa = PBXFileReference; lastKnownFileType = sourcecode.swift; path = SpinWheelViewModel.swift; sourceTree = "<group>"; };
		58B33EBD28FEDDAF00D8502A /* TabBarViewModel.swift */ = {isa = PBXFileReference; lastKnownFileType = sourcecode.swift; path = TabBarViewModel.swift; sourceTree = "<group>"; };
		58BE28DD294167ED00FB3C1F /* API_KEY.swift */ = {isa = PBXFileReference; lastKnownFileType = sourcecode.swift; path = API_KEY.swift; sourceTree = "<group>"; };
		58C1671829060C8C00D8195E /* RequestLocationViewController.swift */ = {isa = PBXFileReference; lastKnownFileType = sourcecode.swift; path = RequestLocationViewController.swift; sourceTree = "<group>"; };
		58F416FA2910DDC800D21A4B /* SavedRestaurantsViewController.swift */ = {isa = PBXFileReference; lastKnownFileType = sourcecode.swift; path = SavedRestaurantsViewController.swift; sourceTree = "<group>"; };
		58F416FC2910DDCF00D21A4B /* SavedRestaurantsView.swift */ = {isa = PBXFileReference; lastKnownFileType = sourcecode.swift; path = SavedRestaurantsView.swift; sourceTree = "<group>"; };
		58F417012910E03300D21A4B /* CoreDataStack.swift */ = {isa = PBXFileReference; lastKnownFileType = sourcecode.swift; path = CoreDataStack.swift; sourceTree = "<group>"; };
		58F417032910E03F00D21A4B /* SavedRestaurants+CoreData.swift */ = {isa = PBXFileReference; lastKnownFileType = sourcecode.swift; path = "SavedRestaurants+CoreData.swift"; sourceTree = "<group>"; };
		58F417052910E04800D21A4B /* CoreDataModelController.swift */ = {isa = PBXFileReference; lastKnownFileType = sourcecode.swift; path = CoreDataModelController.swift; sourceTree = "<group>"; };
		58F417082910E05300D21A4B /* Model.xcdatamodel */ = {isa = PBXFileReference; lastKnownFileType = wrapper.xcdatamodel; path = Model.xcdatamodel; sourceTree = "<group>"; };
		58F4170B2911469300D21A4B /* WebPageSavedRestaurantsModel.swift */ = {isa = PBXFileReference; lastKnownFileType = sourcecode.swift; path = WebPageSavedRestaurantsModel.swift; sourceTree = "<group>"; };
		58F4170D29114EA200D21A4B /* CustomCell.swift */ = {isa = PBXFileReference; lastKnownFileType = sourcecode.swift; path = CustomCell.swift; sourceTree = "<group>"; };
		58F4171029115B0C00D21A4B /* SavedRestaurantDomainModel.swift */ = {isa = PBXFileReference; lastKnownFileType = sourcecode.swift; path = SavedRestaurantDomainModel.swift; sourceTree = "<group>"; };
		58F4171329115B3F00D21A4B /* SavedRestaurantsModelController.swift */ = {isa = PBXFileReference; lastKnownFileType = sourcecode.swift; path = SavedRestaurantsModelController.swift; sourceTree = "<group>"; };
		58FA8ECE28FBD2B200ED2784 /* LoadingScreenView.swift */ = {isa = PBXFileReference; lastKnownFileType = sourcecode.swift; path = LoadingScreenView.swift; sourceTree = "<group>"; };
		58FA8ED228FCA1DD00ED2784 /* LocationManager.swift */ = {isa = PBXFileReference; lastKnownFileType = sourcecode.swift; path = LocationManager.swift; sourceTree = "<group>"; };
		ADB72269E9521D11FDC3BA81 /* Pods-YouPick.release.xcconfig */ = {isa = PBXFileReference; includeInIndex = 1; lastKnownFileType = text.xcconfig; name = "Pods-YouPick.release.xcconfig"; path = "Target Support Files/Pods-YouPick/Pods-YouPick.release.xcconfig"; sourceTree = "<group>"; };
		EF37FA68CB602230A9294416 /* Pods-YouPick.debug.xcconfig */ = {isa = PBXFileReference; includeInIndex = 1; lastKnownFileType = text.xcconfig; name = "Pods-YouPick.debug.xcconfig"; path = "Target Support Files/Pods-YouPick/Pods-YouPick.debug.xcconfig"; sourceTree = "<group>"; };
/* End PBXFileReference section */

/* Begin PBXFrameworksBuildPhase section */
		5820AAC828FA1F7E00B12A4A /* Frameworks */ = {
			isa = PBXFrameworksBuildPhase;
			buildActionMask = 2147483647;
			files = (
				ED8B355510FD60477A1F6CFF /* Pods_YouPick.framework in Frameworks */,
			);
			runOnlyForDeploymentPostprocessing = 0;
		};
/* End PBXFrameworksBuildPhase section */

/* Begin PBXGroup section */
		40BE851761830084A4347300 /* Frameworks */ = {
			isa = PBXGroup;
			children = (
				39C9B3F3C89D06ADD2F19E7C /* Pods_YouPick.framework */,
			);
			name = Frameworks;
			sourceTree = "<group>";
		};
		5820AAC228FA1F7E00B12A4A = {
			isa = PBXGroup;
			children = (
				5820AACD28FA1F7E00B12A4A /* YouPick */,
				5820AACC28FA1F7E00B12A4A /* Products */,
				641C1D589884C1253836F2EF /* Pods */,
				40BE851761830084A4347300 /* Frameworks */,
			);
			sourceTree = "<group>";
		};
		5820AACC28FA1F7E00B12A4A /* Products */ = {
			isa = PBXGroup;
			children = (
				5820AACB28FA1F7E00B12A4A /* YouPick.app */,
			);
			name = Products;
			sourceTree = "<group>";
		};
		5820AACD28FA1F7E00B12A4A /* YouPick */ = {
			isa = PBXGroup;
			children = (
				5820AADC28FA1F8000B12A4A /* Info.plist */,
				58971D19292334A60087108C /* NoInternetConnection */,
				58971D1A292334AE0087108C /* InternetManager */,
				5846276B2914604F001E7047 /* UserDefaults */,
				58F4170A2910E05F00D21A4B /* CoreData */,
				5820AAE228FA1FC400B12A4A /* Resources */,
				584CD65E28FB92FA003CC71E /* Media */,
				5820AAFC28FA217B00B12A4A /* Networking */,
				5820AB0128FA21A900B12A4A /* ModelControllers */,
				58FA8ED428FCC02E00ED2784 /* LocationManager */,
				58391CF52906127F00FA4CD6 /* RequestLocation */,
				5820AAE528FA1FF700B12A4A /* TabBar */,
				584CD65D28FB8599003CC71E /* LoadingScreen */,
				5820AAEE28FA20B400B12A4A /* SpinWheel */,
				5820AAF528FA212300B12A4A /* Map */,
				58B33EB828FE3F4200D8502A /* WebPage */,
				5847D63C29098A2500D0C0F5 /* AppStore */,
				58F417002910E01F00D21A4B /* SavedRestaurants */,
			);
			path = YouPick;
			sourceTree = "<group>";
		};
		5820AAE228FA1FC400B12A4A /* Resources */ = {
			isa = PBXGroup;
			children = (
				5820AACE28FA1F7E00B12A4A /* AppDelegate.swift */,
				5820AAD028FA1F7E00B12A4A /* SceneDelegate.swift */,
			);
			path = Resources;
			sourceTree = "<group>";
		};
		5820AAE528FA1FF700B12A4A /* TabBar */ = {
			isa = PBXGroup;
			children = (
				5820AAE328FA1FD700B12A4A /* TabBarViewController.swift */,
				58B33EBD28FEDDAF00D8502A /* TabBarViewModel.swift */,
			);
			path = TabBar;
			sourceTree = "<group>";
		};
		5820AAEE28FA20B400B12A4A /* SpinWheel */ = {
			isa = PBXGroup;
			children = (
				5820AAE828FA201E00B12A4A /* SpinWheelView.swift */,
				5820AAE628FA201700B12A4A /* SpinWheelViewController.swift */,
				58B33EB928FE406F00D8502A /* SpinWheelViewModel.swift */,
				58345BAA290312D500FFA8AB /* Models */,
				58345BAB290312E900FFA8AB /* Wheel Configurations */,
			);
			path = SpinWheel;
			sourceTree = "<group>";
		};
		5820AAF528FA212300B12A4A /* Map */ = {
			isa = PBXGroup;
			children = (
				5820AAEF28FA20C300B12A4A /* MapViewController.swift */,
				5820AAF128FA20C800B12A4A /* MapView.swift */,
				5834A938290498760051E4E6 /* MapPinsModel.swift */,
				5820AAF328FA20CF00B12A4A /* MapViewModel.swift */,
				583424C528FF4C09006683D5 /* PinCustomization */,
			);
			path = Map;
			sourceTree = "<group>";
		};
		5820AAFC28FA217B00B12A4A /* Networking */ = {
			isa = PBXGroup;
			children = (
				5820AAF628FA213000B12A4A /* NetworkManager.swift */,
				5820AAF828FA214A00B12A4A /* RestaurantsAPIModel.swift */,
				58BE28DD294167ED00FB3C1F /* API_KEY.swift */,
			);
			path = Networking;
			sourceTree = "<group>";
		};
		5820AB0128FA21A900B12A4A /* ModelControllers */ = {
			isa = PBXGroup;
			children = (
				58F4171529116D4700D21A4B /* CoreData */,
				58F4170F29115AF600D21A4B /* Restaurants */,
				58F4171229115B0F00D21A4B /* SavedRestaurants */,
			);
			path = ModelControllers;
			sourceTree = "<group>";
		};
		583424C528FF4C09006683D5 /* PinCustomization */ = {
			isa = PBXGroup;
			children = (
				583424C328FF4B5A006683D5 /* MapCurrentLocationPinCustomization.swift */,
			);
			path = PinCustomization;
			sourceTree = "<group>";
		};
		58345BAA290312D500FFA8AB /* Models */ = {
			isa = PBXGroup;
			children = (
				5820AB0228FA21E500B12A4A /* SpinWheelDataModel.swift */,
				58B33EB228FE24B700D8502A /* SpinWheelColorModel.swift */,
				58345BA8290311A900FFA8AB /* FailedSearchModel.swift */,
			);
			path = Models;
			sourceTree = "<group>";
		};
		58345BAB290312E900FFA8AB /* Wheel Configurations */ = {
			isa = PBXGroup;
			children = (
				5820AB0428FA289400B12A4A /* SpinWheel+WheelConfigurations.swift */,
			);
			path = "Wheel Configurations";
			sourceTree = "<group>";
		};
		58391CF52906127F00FA4CD6 /* RequestLocation */ = {
			isa = PBXGroup;
			children = (
				58C1671829060C8C00D8195E /* RequestLocationViewController.swift */,
				58391CF62906143B00FA4CD6 /* RequestLocationView.swift */,
				589891542901F8CF001744D9 /* RequestLocationDeniedModel.swift */,
			);
			path = RequestLocation;
			sourceTree = "<group>";
		};
		5846276B2914604F001E7047 /* UserDefaults */ = {
			isa = PBXGroup;
			children = (
				5847D63D2909A3F800D0C0F5 /* Location+UserDefaults.swift */,
				584627682914538E001E7047 /* AppTrackingTransparency+UserDefaults.swift */,
			);
			path = UserDefaults;
			sourceTree = "<group>";
		};
		5847D63C29098A2500D0C0F5 /* AppStore */ = {
			isa = PBXGroup;
			children = (
				5847D63A2909744800D0C0F5 /* AppStoreViewController.swift */,
			);
			path = AppStore;
			sourceTree = "<group>";
		};
		584CD65D28FB8599003CC71E /* LoadingScreen */ = {
			isa = PBXGroup;
			children = (
				584CD65B28FB8596003CC71E /* LoadingScreenViewController.swift */,
				58FA8ECE28FBD2B200ED2784 /* LoadingScreenView.swift */,
			);
			path = LoadingScreen;
			sourceTree = "<group>";
		};
		584CD65E28FB92FA003CC71E /* Media */ = {
			isa = PBXGroup;
			children = (
				5820AAD728FA1F8000B12A4A /* Assets.xcassets */,
				5804CF4A28FCE62E00257BE5 /* food.json */,
				584D27FF29072B1E002F9168 /* forkloading.json */,
			);
			path = Media;
			sourceTree = "<group>";
		};
		58971D19292334A60087108C /* NoInternetConnection */ = {
			isa = PBXGroup;
			children = (
				58971D13292334630087108C /* NoInternetConnectionViewController.swift */,
				58971D152923346F0087108C /* NoInternetConnectionView.swift */,
			);
			path = NoInternetConnection;
			sourceTree = "<group>";
		};
		58971D1A292334AE0087108C /* InternetManager */ = {
			isa = PBXGroup;
			children = (
				58971D17292334760087108C /* InternetManager.swift */,
			);
			path = InternetManager;
			sourceTree = "<group>";
		};
		58B33EB828FE3F4200D8502A /* WebPage */ = {
			isa = PBXGroup;
			children = (
				58B33EB428FE2E4A00D8502A /* WebPageViewController.swift */,
				584D280329072C77002F9168 /* WebPageViewModel.swift */,
				58F4170B2911469300D21A4B /* WebPageSavedRestaurantsModel.swift */,
				58B33EB628FE2E8900D8502A /* WebPageView.swift */,
			);
			path = WebPage;
			sourceTree = "<group>";
		};
		58F417002910E01F00D21A4B /* SavedRestaurants */ = {
			isa = PBXGroup;
			children = (
				58F416FA2910DDC800D21A4B /* SavedRestaurantsViewController.swift */,
				58F416FC2910DDCF00D21A4B /* SavedRestaurantsView.swift */,
				58F4170D29114EA200D21A4B /* CustomCell.swift */,
			);
			path = SavedRestaurants;
			sourceTree = "<group>";
		};
		58F4170A2910E05F00D21A4B /* CoreData */ = {
			isa = PBXGroup;
			children = (
				58F417072910E05300D21A4B /* CoreData.xcdatamodeld */,
				58F417012910E03300D21A4B /* CoreDataStack.swift */,
				58F417032910E03F00D21A4B /* SavedRestaurants+CoreData.swift */,
			);
			path = CoreData;
			sourceTree = "<group>";
		};
		58F4170F29115AF600D21A4B /* Restaurants */ = {
			isa = PBXGroup;
			children = (
				5820AAFD28FA218D00B12A4A /* RestaurantsModelController.swift */,
				5820AAFF28FA219C00B12A4A /* RestaurantsDomainModel.swift */,
			);
			path = Restaurants;
			sourceTree = "<group>";
		};
		58F4171229115B0F00D21A4B /* SavedRestaurants */ = {
			isa = PBXGroup;
			children = (
				58F4171029115B0C00D21A4B /* SavedRestaurantDomainModel.swift */,
				58F4171329115B3F00D21A4B /* SavedRestaurantsModelController.swift */,
			);
			path = SavedRestaurants;
			sourceTree = "<group>";
		};
		58F4171529116D4700D21A4B /* CoreData */ = {
			isa = PBXGroup;
			children = (
				58F417052910E04800D21A4B /* CoreDataModelController.swift */,
			);
			path = CoreData;
			sourceTree = "<group>";
		};
		58FA8ED428FCC02E00ED2784 /* LocationManager */ = {
			isa = PBXGroup;
			children = (
				58FA8ED228FCA1DD00ED2784 /* LocationManager.swift */,
			);
			path = LocationManager;
			sourceTree = "<group>";
		};
		641C1D589884C1253836F2EF /* Pods */ = {
			isa = PBXGroup;
			children = (
				EF37FA68CB602230A9294416 /* Pods-YouPick.debug.xcconfig */,
				ADB72269E9521D11FDC3BA81 /* Pods-YouPick.release.xcconfig */,
			);
			path = Pods;
			sourceTree = "<group>";
		};
/* End PBXGroup section */

/* Begin PBXNativeTarget section */
		5820AACA28FA1F7E00B12A4A /* YouPick */ = {
			isa = PBXNativeTarget;
			buildConfigurationList = 5820AADF28FA1F8000B12A4A /* Build configuration list for PBXNativeTarget "YouPick" */;
			buildPhases = (
				8EC443A2161101BA32683A94 /* [CP] Check Pods Manifest.lock */,
				5820AAC728FA1F7E00B12A4A /* Sources */,
				5820AAC828FA1F7E00B12A4A /* Frameworks */,
				409CF973FAE5A9C009CA3282 /* [CP] Embed Pods Frameworks */,
				58391CFB29061CE300FA4CD6 /* Resources */,
			);
			buildRules = (
			);
			dependencies = (
			);
			name = YouPick;
			productName = YouPick;
			productReference = 5820AACB28FA1F7E00B12A4A /* YouPick.app */;
			productType = "com.apple.product-type.application";
		};
/* End PBXNativeTarget section */

/* Begin PBXProject section */
		5820AAC328FA1F7E00B12A4A /* Project object */ = {
			isa = PBXProject;
			attributes = {
				BuildIndependentTargetsInParallel = 1;
				LastSwiftUpdateCheck = 1400;
				LastUpgradeCheck = 1400;
				TargetAttributes = {
					5820AACA28FA1F7E00B12A4A = {
						CreatedOnToolsVersion = 14.0.1;
					};
				};
			};
			buildConfigurationList = 5820AAC628FA1F7E00B12A4A /* Build configuration list for PBXProject "YouPick" */;
			compatibilityVersion = "Xcode 14.0";
			developmentRegion = en;
			hasScannedForEncodings = 0;
			knownRegions = (
				en,
				Base,
			);
			mainGroup = 5820AAC228FA1F7E00B12A4A;
			productRefGroup = 5820AACC28FA1F7E00B12A4A /* Products */;
			projectDirPath = "";
			projectRoot = "";
			targets = (
				5820AACA28FA1F7E00B12A4A /* YouPick */,
			);
		};
/* End PBXProject section */

/* Begin PBXResourcesBuildPhase section */
		58391CFB29061CE300FA4CD6 /* Resources */ = {
			isa = PBXResourcesBuildPhase;
			buildActionMask = 2147483647;
			files = (
				58391CFF29061E0700FA4CD6 /* food.json in Resources */,
				584D280029072B1E002F9168 /* forkloading.json in Resources */,
				58391CFD29061D0300FA4CD6 /* Assets.xcassets in Resources */,
			);
			runOnlyForDeploymentPostprocessing = 0;
		};
/* End PBXResourcesBuildPhase section */

/* Begin PBXShellScriptBuildPhase section */
		409CF973FAE5A9C009CA3282 /* [CP] Embed Pods Frameworks */ = {
			isa = PBXShellScriptBuildPhase;
			buildActionMask = 2147483647;
			files = (
			);
			inputFileListPaths = (
				"${PODS_ROOT}/Target Support Files/Pods-YouPick/Pods-YouPick-frameworks-${CONFIGURATION}-input-files.xcfilelist",
			);
			name = "[CP] Embed Pods Frameworks";
			outputFileListPaths = (
				"${PODS_ROOT}/Target Support Files/Pods-YouPick/Pods-YouPick-frameworks-${CONFIGURATION}-output-files.xcfilelist",
			);
			runOnlyForDeploymentPostprocessing = 0;
			shellPath = /bin/sh;
			shellScript = "\"${PODS_ROOT}/Target Support Files/Pods-YouPick/Pods-YouPick-frameworks.sh\"\n";
			showEnvVarsInLog = 0;
		};
		8EC443A2161101BA32683A94 /* [CP] Check Pods Manifest.lock */ = {
			isa = PBXShellScriptBuildPhase;
			buildActionMask = 2147483647;
			files = (
			);
			inputFileListPaths = (
			);
			inputPaths = (
				"${PODS_PODFILE_DIR_PATH}/Podfile.lock",
				"${PODS_ROOT}/Manifest.lock",
			);
			name = "[CP] Check Pods Manifest.lock";
			outputFileListPaths = (
			);
			outputPaths = (
				"$(DERIVED_FILE_DIR)/Pods-YouPick-checkManifestLockResult.txt",
			);
			runOnlyForDeploymentPostprocessing = 0;
			shellPath = /bin/sh;
			shellScript = "diff \"${PODS_PODFILE_DIR_PATH}/Podfile.lock\" \"${PODS_ROOT}/Manifest.lock\" > /dev/null\nif [ $? != 0 ] ; then\n    # print error to STDERR\n    echo \"error: The sandbox is not in sync with the Podfile.lock. Run 'pod install' or update your CocoaPods installation.\" >&2\n    exit 1\nfi\n# This output is used by Xcode 'outputs' to avoid re-running this script phase.\necho \"SUCCESS\" > \"${SCRIPT_OUTPUT_FILE_0}\"\n";
			showEnvVarsInLog = 0;
		};
/* End PBXShellScriptBuildPhase section */

/* Begin PBXSourcesBuildPhase section */
		5820AAC728FA1F7E00B12A4A /* Sources */ = {
			isa = PBXSourcesBuildPhase;
			buildActionMask = 2147483647;
			files = (
				5820AAF428FA20CF00B12A4A /* MapViewModel.swift in Sources */,
				58F4170C2911469300D21A4B /* WebPageSavedRestaurantsModel.swift in Sources */,
				58B33EBE28FEDDAF00D8502A /* TabBarViewModel.swift in Sources */,
				58F417022910E03300D21A4B /* CoreDataStack.swift in Sources */,
				58BE28DE294167ED00FB3C1F /* API_KEY.swift in Sources */,
				5820AAE928FA201E00B12A4A /* SpinWheelView.swift in Sources */,
				5820AACF28FA1F7E00B12A4A /* AppDelegate.swift in Sources */,
				58971D162923346F0087108C /* NoInternetConnectionView.swift in Sources */,
				5820AB0328FA21E500B12A4A /* SpinWheelDataModel.swift in Sources */,
				58F4171429115B3F00D21A4B /* SavedRestaurantsModelController.swift in Sources */,
				5834A939290498760051E4E6 /* MapPinsModel.swift in Sources */,
				58391CF72906143B00FA4CD6 /* RequestLocationView.swift in Sources */,
				58FA8ECF28FBD2B200ED2784 /* LoadingScreenView.swift in Sources */,
				584CD65C28FB8596003CC71E /* LoadingScreenViewController.swift in Sources */,
				58F417092910E05300D21A4B /* CoreData.xcdatamodeld in Sources */,
				58B33EB328FE24B700D8502A /* SpinWheelColorModel.swift in Sources */,
				58F417042910E03F00D21A4B /* SavedRestaurants+CoreData.swift in Sources */,
				5820AAF728FA213000B12A4A /* NetworkManager.swift in Sources */,
				58B33EB528FE2E4A00D8502A /* WebPageViewController.swift in Sources */,
				58B33EB728FE2E8900D8502A /* WebPageView.swift in Sources */,
				58971D18292334760087108C /* InternetManager.swift in Sources */,
				5820AB0028FA219C00B12A4A /* RestaurantsDomainModel.swift in Sources */,
				58971D14292334630087108C /* NoInternetConnectionViewController.swift in Sources */,
				583424C428FF4B5A006683D5 /* MapCurrentLocationPinCustomization.swift in Sources */,
				5820AB0528FA289400B12A4A /* SpinWheel+WheelConfigurations.swift in Sources */,
				5847D63E2909A3F800D0C0F5 /* Location+UserDefaults.swift in Sources */,
				58F416FB2910DDC800D21A4B /* SavedRestaurantsViewController.swift in Sources */,
				5820AAFE28FA218D00B12A4A /* RestaurantsModelController.swift in Sources */,
				58C1671929060C8D00D8195E /* RequestLocationViewController.swift in Sources */,
				58B33EBA28FE406F00D8502A /* SpinWheelViewModel.swift in Sources */,
				58FA8ED328FCA1DD00ED2784 /* LocationManager.swift in Sources */,
				58F4170E29114EA200D21A4B /* CustomCell.swift in Sources */,
				5820AAE428FA1FD700B12A4A /* TabBarViewController.swift in Sources */,
				58F4171129115B0C00D21A4B /* SavedRestaurantDomainModel.swift in Sources */,
				5847D63B2909744800D0C0F5 /* AppStoreViewController.swift in Sources */,
				5820AAE728FA201700B12A4A /* SpinWheelViewController.swift in Sources */,
				5820AAD128FA1F7E00B12A4A /* SceneDelegate.swift in Sources */,
				5820AAF228FA20C800B12A4A /* MapView.swift in Sources */,
				5820AAF028FA20C300B12A4A /* MapViewController.swift in Sources */,
				584627692914538E001E7047 /* AppTrackingTransparency+UserDefaults.swift in Sources */,
				58F416FD2910DDCF00D21A4B /* SavedRestaurantsView.swift in Sources */,
				589891552901F8CF001744D9 /* RequestLocationDeniedModel.swift in Sources */,
				58F417062910E04800D21A4B /* CoreDataModelController.swift in Sources */,
				5820AAF928FA214A00B12A4A /* RestaurantsAPIModel.swift in Sources */,
				584D280429072C77002F9168 /* WebPageViewModel.swift in Sources */,
				58345BA9290311A900FFA8AB /* FailedSearchModel.swift in Sources */,
			);
			runOnlyForDeploymentPostprocessing = 0;
		};
/* End PBXSourcesBuildPhase section */

/* Begin XCBuildConfiguration section */
		5820AADD28FA1F8000B12A4A /* Debug */ = {
			isa = XCBuildConfiguration;
			buildSettings = {
				ALWAYS_SEARCH_USER_PATHS = NO;
				CLANG_ANALYZER_NONNULL = YES;
				CLANG_ANALYZER_NUMBER_OBJECT_CONVERSION = YES_AGGRESSIVE;
				CLANG_CXX_LANGUAGE_STANDARD = "gnu++20";
				CLANG_ENABLE_MODULES = YES;
				CLANG_ENABLE_OBJC_ARC = YES;
				CLANG_ENABLE_OBJC_WEAK = YES;
				CLANG_WARN_BLOCK_CAPTURE_AUTORELEASING = YES;
				CLANG_WARN_BOOL_CONVERSION = YES;
				CLANG_WARN_COMMA = YES;
				CLANG_WARN_CONSTANT_CONVERSION = YES;
				CLANG_WARN_DEPRECATED_OBJC_IMPLEMENTATIONS = YES;
				CLANG_WARN_DIRECT_OBJC_ISA_USAGE = YES_ERROR;
				CLANG_WARN_DOCUMENTATION_COMMENTS = YES;
				CLANG_WARN_EMPTY_BODY = YES;
				CLANG_WARN_ENUM_CONVERSION = YES;
				CLANG_WARN_INFINITE_RECURSION = YES;
				CLANG_WARN_INT_CONVERSION = YES;
				CLANG_WARN_NON_LITERAL_NULL_CONVERSION = YES;
				CLANG_WARN_OBJC_IMPLICIT_RETAIN_SELF = YES;
				CLANG_WARN_OBJC_LITERAL_CONVERSION = YES;
				CLANG_WARN_OBJC_ROOT_CLASS = YES_ERROR;
				CLANG_WARN_QUOTED_INCLUDE_IN_FRAMEWORK_HEADER = YES;
				CLANG_WARN_RANGE_LOOP_ANALYSIS = YES;
				CLANG_WARN_STRICT_PROTOTYPES = YES;
				CLANG_WARN_SUSPICIOUS_MOVE = YES;
				CLANG_WARN_UNGUARDED_AVAILABILITY = YES_AGGRESSIVE;
				CLANG_WARN_UNREACHABLE_CODE = YES;
				CLANG_WARN__DUPLICATE_METHOD_MATCH = YES;
				COPY_PHASE_STRIP = NO;
				DEBUG_INFORMATION_FORMAT = dwarf;
				ENABLE_STRICT_OBJC_MSGSEND = YES;
				ENABLE_TESTABILITY = YES;
				GCC_C_LANGUAGE_STANDARD = gnu11;
				GCC_DYNAMIC_NO_PIC = NO;
				GCC_NO_COMMON_BLOCKS = YES;
				GCC_OPTIMIZATION_LEVEL = 0;
				GCC_PREPROCESSOR_DEFINITIONS = (
					"DEBUG=1",
					"$(inherited)",
				);
				GCC_WARN_64_TO_32_BIT_CONVERSION = YES;
				GCC_WARN_ABOUT_RETURN_TYPE = YES_ERROR;
				GCC_WARN_UNDECLARED_SELECTOR = YES;
				GCC_WARN_UNINITIALIZED_AUTOS = YES_AGGRESSIVE;
				GCC_WARN_UNUSED_FUNCTION = YES;
				GCC_WARN_UNUSED_VARIABLE = YES;
				IPHONEOS_DEPLOYMENT_TARGET = 16.0;
				MTL_ENABLE_DEBUG_INFO = INCLUDE_SOURCE;
				MTL_FAST_MATH = YES;
				ONLY_ACTIVE_ARCH = YES;
				SDKROOT = iphoneos;
				SWIFT_ACTIVE_COMPILATION_CONDITIONS = DEBUG;
				SWIFT_OPTIMIZATION_LEVEL = "-Onone";
			};
			name = Debug;
		};
		5820AADE28FA1F8000B12A4A /* Release */ = {
			isa = XCBuildConfiguration;
			buildSettings = {
				ALWAYS_SEARCH_USER_PATHS = NO;
				CLANG_ANALYZER_NONNULL = YES;
				CLANG_ANALYZER_NUMBER_OBJECT_CONVERSION = YES_AGGRESSIVE;
				CLANG_CXX_LANGUAGE_STANDARD = "gnu++20";
				CLANG_ENABLE_MODULES = YES;
				CLANG_ENABLE_OBJC_ARC = YES;
				CLANG_ENABLE_OBJC_WEAK = YES;
				CLANG_WARN_BLOCK_CAPTURE_AUTORELEASING = YES;
				CLANG_WARN_BOOL_CONVERSION = YES;
				CLANG_WARN_COMMA = YES;
				CLANG_WARN_CONSTANT_CONVERSION = YES;
				CLANG_WARN_DEPRECATED_OBJC_IMPLEMENTATIONS = YES;
				CLANG_WARN_DIRECT_OBJC_ISA_USAGE = YES_ERROR;
				CLANG_WARN_DOCUMENTATION_COMMENTS = YES;
				CLANG_WARN_EMPTY_BODY = YES;
				CLANG_WARN_ENUM_CONVERSION = YES;
				CLANG_WARN_INFINITE_RECURSION = YES;
				CLANG_WARN_INT_CONVERSION = YES;
				CLANG_WARN_NON_LITERAL_NULL_CONVERSION = YES;
				CLANG_WARN_OBJC_IMPLICIT_RETAIN_SELF = YES;
				CLANG_WARN_OBJC_LITERAL_CONVERSION = YES;
				CLANG_WARN_OBJC_ROOT_CLASS = YES_ERROR;
				CLANG_WARN_QUOTED_INCLUDE_IN_FRAMEWORK_HEADER = YES;
				CLANG_WARN_RANGE_LOOP_ANALYSIS = YES;
				CLANG_WARN_STRICT_PROTOTYPES = YES;
				CLANG_WARN_SUSPICIOUS_MOVE = YES;
				CLANG_WARN_UNGUARDED_AVAILABILITY = YES_AGGRESSIVE;
				CLANG_WARN_UNREACHABLE_CODE = YES;
				CLANG_WARN__DUPLICATE_METHOD_MATCH = YES;
				COPY_PHASE_STRIP = NO;
				DEBUG_INFORMATION_FORMAT = "dwarf-with-dsym";
				ENABLE_NS_ASSERTIONS = NO;
				ENABLE_STRICT_OBJC_MSGSEND = YES;
				GCC_C_LANGUAGE_STANDARD = gnu11;
				GCC_NO_COMMON_BLOCKS = YES;
				GCC_WARN_64_TO_32_BIT_CONVERSION = YES;
				GCC_WARN_ABOUT_RETURN_TYPE = YES_ERROR;
				GCC_WARN_UNDECLARED_SELECTOR = YES;
				GCC_WARN_UNINITIALIZED_AUTOS = YES_AGGRESSIVE;
				GCC_WARN_UNUSED_FUNCTION = YES;
				GCC_WARN_UNUSED_VARIABLE = YES;
				IPHONEOS_DEPLOYMENT_TARGET = 16.0;
				MTL_ENABLE_DEBUG_INFO = NO;
				MTL_FAST_MATH = YES;
				SDKROOT = iphoneos;
				SWIFT_COMPILATION_MODE = wholemodule;
				SWIFT_OPTIMIZATION_LEVEL = "-O";
				VALIDATE_PRODUCT = YES;
			};
			name = Release;
		};
		5820AAE028FA1F8000B12A4A /* Debug */ = {
			isa = XCBuildConfiguration;
			baseConfigurationReference = EF37FA68CB602230A9294416 /* Pods-YouPick.debug.xcconfig */;
			buildSettings = {
				ASSETCATALOG_COMPILER_APPICON_NAME = AppIcon;
				ASSETCATALOG_COMPILER_GLOBAL_ACCENT_COLOR_NAME = AccentColor;
				CODE_SIGN_IDENTITY = "Apple Development";
				CODE_SIGN_STYLE = Automatic;
				CURRENT_PROJECT_VERSION = 8;
				DEVELOPMENT_TEAM = JN4DDTS7AA;
				GENERATE_INFOPLIST_FILE = YES;
				INFOPLIST_FILE = YouPick/Info.plist;
				INFOPLIST_KEY_LSApplicationCategoryType = "public.app-category.food-and-drink";
				INFOPLIST_KEY_NSLocationWhenInUseUsageDescription = "This app needs your location to search for restaurants in your area.";
				INFOPLIST_KEY_UIApplicationSupportsIndirectInputEvents = YES;
				INFOPLIST_KEY_UILaunchStoryboardName = LaunchScreen;
				INFOPLIST_KEY_UIRequiresFullScreen = YES;
				INFOPLIST_KEY_UIStatusBarStyle = UIStatusBarStyleLightContent;
				INFOPLIST_KEY_UISupportedInterfaceOrientations = "UIInterfaceOrientationPortrait UIInterfaceOrientationPortraitUpsideDown";
				INFOPLIST_KEY_UISupportedInterfaceOrientations_iPad = "";
				INFOPLIST_KEY_UIUserInterfaceStyle = Light;
				LD_RUNPATH_SEARCH_PATHS = (
					"$(inherited)",
					"@executable_path/Frameworks",
				);
				MARKETING_VERSION = 1.1.2;
				PRODUCT_BUNDLE_IDENTIFIER = com.hollis.YouPick;
				PRODUCT_NAME = "$(TARGET_NAME)";
				PROVISIONING_PROFILE_SPECIFIER = "";
				SUPPORTED_PLATFORMS = "iphoneos iphonesimulator";
				SUPPORTS_MACCATALYST = NO;
				SUPPORTS_MAC_DESIGNED_FOR_IPHONE_IPAD = NO;
				SWIFT_EMIT_LOC_STRINGS = YES;
				SWIFT_VERSION = 5.0;
				TARGETED_DEVICE_FAMILY = 1;
			};
			name = Debug;
		};
		5820AAE128FA1F8000B12A4A /* Release */ = {
			isa = XCBuildConfiguration;
			baseConfigurationReference = ADB72269E9521D11FDC3BA81 /* Pods-YouPick.release.xcconfig */;
			buildSettings = {
				ASSETCATALOG_COMPILER_APPICON_NAME = AppIcon;
				ASSETCATALOG_COMPILER_GLOBAL_ACCENT_COLOR_NAME = AccentColor;
				CODE_SIGN_IDENTITY = "Apple Development";
				CODE_SIGN_STYLE = Automatic;
				CURRENT_PROJECT_VERSION = 8;
				DEVELOPMENT_TEAM = JN4DDTS7AA;
				GENERATE_INFOPLIST_FILE = YES;
				INFOPLIST_FILE = YouPick/Info.plist;
				INFOPLIST_KEY_LSApplicationCategoryType = "public.app-category.food-and-drink";
				INFOPLIST_KEY_NSLocationWhenInUseUsageDescription = "This app needs your location to search for restaurants in your area.";
				INFOPLIST_KEY_UIApplicationSupportsIndirectInputEvents = YES;
				INFOPLIST_KEY_UILaunchStoryboardName = LaunchScreen;
				INFOPLIST_KEY_UIRequiresFullScreen = YES;
				INFOPLIST_KEY_UIStatusBarStyle = UIStatusBarStyleLightContent;
				INFOPLIST_KEY_UISupportedInterfaceOrientations = "UIInterfaceOrientationPortrait UIInterfaceOrientationPortraitUpsideDown";
				INFOPLIST_KEY_UISupportedInterfaceOrientations_iPad = "";
				INFOPLIST_KEY_UIUserInterfaceStyle = Light;
				LD_RUNPATH_SEARCH_PATHS = (
					"$(inherited)",
					"@executable_path/Frameworks",
				);
				MARKETING_VERSION = 1.1.2;
				PRODUCT_BUNDLE_IDENTIFIER = com.hollis.YouPick;
				PRODUCT_NAME = "$(TARGET_NAME)";
				PROVISIONING_PROFILE_SPECIFIER = "";
				SUPPORTED_PLATFORMS = "iphoneos iphonesimulator";
				SUPPORTS_MACCATALYST = NO;
				SUPPORTS_MAC_DESIGNED_FOR_IPHONE_IPAD = NO;
				SWIFT_EMIT_LOC_STRINGS = YES;
				SWIFT_VERSION = 5.0;
				TARGETED_DEVICE_FAMILY = 1;
			};
			name = Release;
		};
/* End XCBuildConfiguration section */

/* Begin XCConfigurationList section */
		5820AAC628FA1F7E00B12A4A /* Build configuration list for PBXProject "YouPick" */ = {
			isa = XCConfigurationList;
			buildConfigurations = (
				5820AADD28FA1F8000B12A4A /* Debug */,
				5820AADE28FA1F8000B12A4A /* Release */,
			);
			defaultConfigurationIsVisible = 0;
			defaultConfigurationName = Release;
		};
		5820AADF28FA1F8000B12A4A /* Build configuration list for PBXNativeTarget "YouPick" */ = {
			isa = XCConfigurationList;
			buildConfigurations = (
				5820AAE028FA1F8000B12A4A /* Debug */,
				5820AAE128FA1F8000B12A4A /* Release */,
			);
			defaultConfigurationIsVisible = 0;
			defaultConfigurationName = Release;
		};
/* End XCConfigurationList section */

/* Begin XCVersionGroup section */
		58F417072910E05300D21A4B /* CoreData.xcdatamodeld */ = {
			isa = XCVersionGroup;
			children = (
				58F417082910E05300D21A4B /* Model.xcdatamodel */,
			);
			currentVersion = 58F417082910E05300D21A4B /* Model.xcdatamodel */;
			path = CoreData.xcdatamodeld;
			sourceTree = "<group>";
			versionGroupType = wrapper.xcdatamodel;
		};
/* End XCVersionGroup section */
	};
	rootObject = 5820AAC328FA1F7E00B12A4A /* Project object */;
}
